// !$*UTF8*$!
{
	archiveVersion = 1;
	classes = {
	};
	objectVersion = 50;
	objects = {

/* Begin PBXBuildFile section */
		4BDAB8BC2687B07F002E4A26 /* OTMModel.swift in Sources */ = {isa = PBXBuildFile; fileRef = 4BDAB8BB2687B07F002E4A26 /* OTMModel.swift */; };
		4BDAB8BE2687B09A002E4A26 /* OTMClient.swift in Sources */ = {isa = PBXBuildFile; fileRef = 4BDAB8BD2687B09A002E4A26 /* OTMClient.swift */; };
		4BDAB8C02687B0AF002E4A26 /* LogInRequest.swift in Sources */ = {isa = PBXBuildFile; fileRef = 4BDAB8BF2687B0AF002E4A26 /* LogInRequest.swift */; };
		4BDAB8C22687B0C9002E4A26 /* OTMResponse.swift in Sources */ = {isa = PBXBuildFile; fileRef = 4BDAB8C12687B0C9002E4A26 /* OTMResponse.swift */; };
		4BDAB8C42687B0E6002E4A26 /* SessionResponse.swift in Sources */ = {isa = PBXBuildFile; fileRef = 4BDAB8C32687B0E6002E4A26 /* SessionResponse.swift */; };
		4BDAB8C62687B0FA002E4A26 /* RequestTokenResponse.swift in Sources */ = {isa = PBXBuildFile; fileRef = 4BDAB8C52687B0FA002E4A26 /* RequestTokenResponse.swift */; };
		4BDAB8C82687B117002E4A26 /* CreateStudentResponse.swift in Sources */ = {isa = PBXBuildFile; fileRef = 4BDAB8C72687B117002E4A26 /* CreateStudentResponse.swift */; };
		4BDAB8CA2687B12C002E4A26 /* GetStudentLocationResponse.swift in Sources */ = {isa = PBXBuildFile; fileRef = 4BDAB8C92687B12C002E4A26 /* GetStudentLocationResponse.swift */; };
		4BDAB8CC2687B14C002E4A26 /* Student.swift in Sources */ = {isa = PBXBuildFile; fileRef = 4BDAB8CB2687B14C002E4A26 /* Student.swift */; };
		4BDAB8CE2687B165002E4A26 /* GetPublicUserDataResponse.swift in Sources */ = {isa = PBXBuildFile; fileRef = 4BDAB8CD2687B165002E4A26 /* GetPublicUserDataResponse.swift */; };
		4BDAB8D02687B192002E4A26 /* GradientView.swift in Sources */ = {isa = PBXBuildFile; fileRef = 4BDAB8CF2687B192002E4A26 /* GradientView.swift */; };
		4BDAB8D22687B1A4002E4A26 /* Colours.swift in Sources */ = {isa = PBXBuildFile; fileRef = 4BDAB8D12687B1A4002E4A26 /* Colours.swift */; };
		4BDAB8D42687B1BE002E4A26 /* LoginTextField.swift in Sources */ = {isa = PBXBuildFile; fileRef = 4BDAB8D32687B1BE002E4A26 /* LoginTextField.swift */; };
		4BDAB8D62687B1CC002E4A26 /* LoginButton.swift in Sources */ = {isa = PBXBuildFile; fileRef = 4BDAB8D52687B1CC002E4A26 /* LoginButton.swift */; };
		4BDAB8D82687B222002E4A26 /* MapViewController.swift in Sources */ = {isa = PBXBuildFile; fileRef = 4BDAB8D72687B222002E4A26 /* MapViewController.swift */; };
		4BDAB8DA2687B238002E4A26 /* ListViewController.swift in Sources */ = {isa = PBXBuildFile; fileRef = 4BDAB8D92687B238002E4A26 /* ListViewController.swift */; };
		4BDAB8DC2687B24E002E4A26 /* AddLocationViewController.swift in Sources */ = {isa = PBXBuildFile; fileRef = 4BDAB8DB2687B24E002E4A26 /* AddLocationViewController.swift */; };
		4BDAB8DE2687B268002E4A26 /* InformationPostingViewController.swift in Sources */ = {isa = PBXBuildFile; fileRef = 4BDAB8DD2687B268002E4A26 /* InformationPostingViewController.swift */; };
		4BDAB90B2688B966002E4A26 /* OnTheMapTest.swift in Sources */ = {isa = PBXBuildFile; fileRef = 4BDAB90A2688B966002E4A26 /* OnTheMapTest.swift */; };
		4BE882522687AA8E00CD2C20 /* AppDelegate.swift in Sources */ = {isa = PBXBuildFile; fileRef = 4BE882512687AA8E00CD2C20 /* AppDelegate.swift */; };
		4BE882542687AA8E00CD2C20 /* SceneDelegate.swift in Sources */ = {isa = PBXBuildFile; fileRef = 4BE882532687AA8E00CD2C20 /* SceneDelegate.swift */; };
		4BE882562687AA8E00CD2C20 /* LoginViewController.swift in Sources */ = {isa = PBXBuildFile; fileRef = 4BE882552687AA8E00CD2C20 /* LoginViewController.swift */; };
		4BE882592687AA8E00CD2C20 /* Main.storyboard in Resources */ = {isa = PBXBuildFile; fileRef = 4BE882572687AA8E00CD2C20 /* Main.storyboard */; };
		4BE8825B2687AA9000CD2C20 /* Assets.xcassets in Resources */ = {isa = PBXBuildFile; fileRef = 4BE8825A2687AA9000CD2C20 /* Assets.xcassets */; };
		4BE8825E2687AA9000CD2C20 /* LaunchScreen.storyboard in Resources */ = {isa = PBXBuildFile; fileRef = 4BE8825C2687AA9000CD2C20 /* LaunchScreen.storyboard */; };
/* End PBXBuildFile section */

/* Begin PBXFileReference section */
		4BDAB8BB2687B07F002E4A26 /* OTMModel.swift */ = {isa = PBXFileReference; lastKnownFileType = sourcecode.swift; path = OTMModel.swift; sourceTree = "<group>"; };
		4BDAB8BD2687B09A002E4A26 /* OTMClient.swift */ = {isa = PBXFileReference; lastKnownFileType = sourcecode.swift; path = OTMClient.swift; sourceTree = "<group>"; };
		4BDAB8BF2687B0AF002E4A26 /* LogInRequest.swift */ = {isa = PBXFileReference; lastKnownFileType = sourcecode.swift; path = LogInRequest.swift; sourceTree = "<group>"; };
		4BDAB8C12687B0C9002E4A26 /* OTMResponse.swift */ = {isa = PBXFileReference; lastKnownFileType = sourcecode.swift; path = OTMResponse.swift; sourceTree = "<group>"; };
		4BDAB8C32687B0E6002E4A26 /* SessionResponse.swift */ = {isa = PBXFileReference; lastKnownFileType = sourcecode.swift; path = SessionResponse.swift; sourceTree = "<group>"; };
		4BDAB8C52687B0FA002E4A26 /* RequestTokenResponse.swift */ = {isa = PBXFileReference; lastKnownFileType = sourcecode.swift; path = RequestTokenResponse.swift; sourceTree = "<group>"; };
		4BDAB8C72687B117002E4A26 /* CreateStudentResponse.swift */ = {isa = PBXFileReference; lastKnownFileType = sourcecode.swift; path = CreateStudentResponse.swift; sourceTree = "<group>"; };
		4BDAB8C92687B12C002E4A26 /* GetStudentLocationResponse.swift */ = {isa = PBXFileReference; lastKnownFileType = sourcecode.swift; path = GetStudentLocationResponse.swift; sourceTree = "<group>"; };
		4BDAB8CB2687B14C002E4A26 /* Student.swift */ = {isa = PBXFileReference; lastKnownFileType = sourcecode.swift; path = Student.swift; sourceTree = "<group>"; };
		4BDAB8CD2687B165002E4A26 /* GetPublicUserDataResponse.swift */ = {isa = PBXFileReference; lastKnownFileType = sourcecode.swift; path = GetPublicUserDataResponse.swift; sourceTree = "<group>"; };
		4BDAB8CF2687B192002E4A26 /* GradientView.swift */ = {isa = PBXFileReference; lastKnownFileType = sourcecode.swift; path = GradientView.swift; sourceTree = "<group>"; };
		4BDAB8D12687B1A4002E4A26 /* Colours.swift */ = {isa = PBXFileReference; lastKnownFileType = sourcecode.swift; path = Colours.swift; sourceTree = "<group>"; };
		4BDAB8D32687B1BE002E4A26 /* LoginTextField.swift */ = {isa = PBXFileReference; lastKnownFileType = sourcecode.swift; path = LoginTextField.swift; sourceTree = "<group>"; };
		4BDAB8D52687B1CC002E4A26 /* LoginButton.swift */ = {isa = PBXFileReference; lastKnownFileType = sourcecode.swift; path = LoginButton.swift; sourceTree = "<group>"; };
		4BDAB8D72687B222002E4A26 /* MapViewController.swift */ = {isa = PBXFileReference; lastKnownFileType = sourcecode.swift; path = MapViewController.swift; sourceTree = "<group>"; };
		4BDAB8D92687B238002E4A26 /* ListViewController.swift */ = {isa = PBXFileReference; lastKnownFileType = sourcecode.swift; path = ListViewController.swift; sourceTree = "<group>"; };
		4BDAB8DB2687B24E002E4A26 /* AddLocationViewController.swift */ = {isa = PBXFileReference; lastKnownFileType = sourcecode.swift; path = AddLocationViewController.swift; sourceTree = "<group>"; };
		4BDAB8DD2687B268002E4A26 /* InformationPostingViewController.swift */ = {isa = PBXFileReference; lastKnownFileType = sourcecode.swift; path = InformationPostingViewController.swift; sourceTree = "<group>"; };
		4BDAB90A2688B966002E4A26 /* OnTheMapTest.swift */ = {isa = PBXFileReference; lastKnownFileType = sourcecode.swift; path = OnTheMapTest.swift; sourceTree = "<group>"; };
		4BE8824E2687AA8E00CD2C20 /* OnTheMap.app */ = {isa = PBXFileReference; explicitFileType = wrapper.application; includeInIndex = 0; path = OnTheMap.app; sourceTree = BUILT_PRODUCTS_DIR; };
		4BE882512687AA8E00CD2C20 /* AppDelegate.swift */ = {isa = PBXFileReference; lastKnownFileType = sourcecode.swift; path = AppDelegate.swift; sourceTree = "<group>"; };
		4BE882532687AA8E00CD2C20 /* SceneDelegate.swift */ = {isa = PBXFileReference; lastKnownFileType = sourcecode.swift; path = SceneDelegate.swift; sourceTree = "<group>"; };
		4BE882552687AA8E00CD2C20 /* LoginViewController.swift */ = {isa = PBXFileReference; lastKnownFileType = sourcecode.swift; path = LoginViewController.swift; sourceTree = "<group>"; };
		4BE882582687AA8E00CD2C20 /* Base */ = {isa = PBXFileReference; lastKnownFileType = file.storyboard; name = Base; path = Base.lproj/Main.storyboard; sourceTree = "<group>"; };
		4BE8825A2687AA9000CD2C20 /* Assets.xcassets */ = {isa = PBXFileReference; lastKnownFileType = folder.assetcatalog; path = Assets.xcassets; sourceTree = "<group>"; };
		4BE8825D2687AA9000CD2C20 /* Base */ = {isa = PBXFileReference; lastKnownFileType = file.storyboard; name = Base; path = Base.lproj/LaunchScreen.storyboard; sourceTree = "<group>"; };
		4BE8825F2687AA9000CD2C20 /* Info.plist */ = {isa = PBXFileReference; lastKnownFileType = text.plist.xml; path = Info.plist; sourceTree = "<group>"; };
/* End PBXFileReference section */

/* Begin PBXFrameworksBuildPhase section */
		4BE8824B2687AA8E00CD2C20 /* Frameworks */ = {
			isa = PBXFrameworksBuildPhase;
			buildActionMask = 2147483647;
			files = (
			);
			runOnlyForDeploymentPostprocessing = 0;
		};
/* End PBXFrameworksBuildPhase section */

/* Begin PBXGroup section */
		4BDAB8B42687AF97002E4A26 /* Model */ = {
			isa = PBXGroup;
			children = (
				4BDAB8B72687AFC8002E4A26 /* Data */,
				4BDAB8B82687AFE5002E4A26 /* OTM Client */,
				4BDAB8B92687AFEF002E4A26 /* OTM Request */,
				4BDAB8BA2687AFFA002E4A26 /* OTM Response */,
			);
			path = Model;
			sourceTree = "<group>";
		};
		4BDAB8B52687AF9E002E4A26 /* View */ = {
			isa = PBXGroup;
			children = (
				4BDAB8CF2687B192002E4A26 /* GradientView.swift */,
				4BDAB8D12687B1A4002E4A26 /* Colours.swift */,
				4BDAB8D32687B1BE002E4A26 /* LoginTextField.swift */,
				4BDAB8D52687B1CC002E4A26 /* LoginButton.swift */,
			);
			path = View;
			sourceTree = "<group>";
		};
		4BDAB8B62687AFA6002E4A26 /* Controller */ = {
			isa = PBXGroup;
			children = (
				4BE882552687AA8E00CD2C20 /* LoginViewController.swift */,
				4BDAB8D72687B222002E4A26 /* MapViewController.swift */,
				4BDAB8D92687B238002E4A26 /* ListViewController.swift */,
				4BDAB8DB2687B24E002E4A26 /* AddLocationViewController.swift */,
				4BDAB8DD2687B268002E4A26 /* InformationPostingViewController.swift */,
			);
			path = Controller;
			sourceTree = "<group>";
		};
		4BDAB8B72687AFC8002E4A26 /* Data */ = {
			isa = PBXGroup;
			children = (
				4BDAB8BB2687B07F002E4A26 /* OTMModel.swift */,
			);
			path = Data;
			sourceTree = "<group>";
		};
		4BDAB8B82687AFE5002E4A26 /* OTM Client */ = {
			isa = PBXGroup;
			children = (
				4BDAB8BD2687B09A002E4A26 /* OTMClient.swift */,
			);
			path = "OTM Client";
			sourceTree = "<group>";
		};
		4BDAB8B92687AFEF002E4A26 /* OTM Request */ = {
			isa = PBXGroup;
			children = (
				4BDAB8BF2687B0AF002E4A26 /* LogInRequest.swift */,
			);
			path = "OTM Request";
			sourceTree = "<group>";
		};
		4BDAB8BA2687AFFA002E4A26 /* OTM Response */ = {
			isa = PBXGroup;
			children = (
				4BDAB8C12687B0C9002E4A26 /* OTMResponse.swift */,
				4BDAB8C32687B0E6002E4A26 /* SessionResponse.swift */,
				4BDAB8C52687B0FA002E4A26 /* RequestTokenResponse.swift */,
				4BDAB8C72687B117002E4A26 /* CreateStudentResponse.swift */,
				4BDAB8C92687B12C002E4A26 /* GetStudentLocationResponse.swift */,
				4BDAB8CB2687B14C002E4A26 /* Student.swift */,
				4BDAB8CD2687B165002E4A26 /* GetPublicUserDataResponse.swift */,
			);
			path = "OTM Response";
			sourceTree = "<group>";
		};
		4BDAB8DF2687B278002E4A26 /* Assets */ = {
			isa = PBXGroup;
			children = (
				4BE8825A2687AA9000CD2C20 /* Assets.xcassets */,
			);
			path = Assets;
			sourceTree = "<group>";
		};
		4BDAB8E02687B2A0002E4A26 /* Resources */ = {
			isa = PBXGroup;
			children = (
				4BE882572687AA8E00CD2C20 /* Main.storyboard */,
				4BE8825C2687AA9000CD2C20 /* LaunchScreen.storyboard */,
				4BE882512687AA8E00CD2C20 /* AppDelegate.swift */,
				4BE882532687AA8E00CD2C20 /* SceneDelegate.swift */,
			);
			path = Resources;
			sourceTree = "<group>";
		};
		4BDAB8E12688945B002E4A26 /* OnTheMapTests */ = {
			isa = PBXGroup;
			children = (
				4BDAB90A2688B966002E4A26 /* OnTheMapTest.swift */,
			);
			path = OnTheMapTests;
			sourceTree = "<group>";
		};
		4BDAB8E4268894BA002E4A26 /* OnTheMapUItests */ = {
			isa = PBXGroup;
			children = (
			);
			path = OnTheMapUItests;
			sourceTree = "<group>";
		};
		4BE882452687AA8E00CD2C20 = {
			isa = PBXGroup;
			children = (
				4BE8825F2687AA9000CD2C20 /* Info.plist */,
				4BE882502687AA8E00CD2C20 /* OnTheMap */,
				4BDAB8DF2687B278002E4A26 /* Assets */,
				4BDAB8E02687B2A0002E4A26 /* Resources */,
				4BDAB8E12688945B002E4A26 /* OnTheMapTests */,
				4BDAB8E4268894BA002E4A26 /* OnTheMapUItests */,
				4BE8824F2687AA8E00CD2C20 /* Products */,
			);
			sourceTree = "<group>";
		};
		4BE8824F2687AA8E00CD2C20 /* Products */ = {
			isa = PBXGroup;
			children = (
				4BE8824E2687AA8E00CD2C20 /* OnTheMap.app */,
			);
			name = Products;
			sourceTree = "<group>";
		};
		4BE882502687AA8E00CD2C20 /* OnTheMap */ = {
			isa = PBXGroup;
			children = (
				4BDAB8B42687AF97002E4A26 /* Model */,
				4BDAB8B52687AF9E002E4A26 /* View */,
				4BDAB8B62687AFA6002E4A26 /* Controller */,
			);
			path = OnTheMap;
			sourceTree = "<group>";
		};
/* End PBXGroup section */

/* Begin PBXNativeTarget section */
		4BE8824D2687AA8E00CD2C20 /* OnTheMap */ = {
			isa = PBXNativeTarget;
			buildConfigurationList = 4BE882622687AA9000CD2C20 /* Build configuration list for PBXNativeTarget "OnTheMap" */;
			buildPhases = (
				4BE8824A2687AA8E00CD2C20 /* Sources */,
				4BE8824B2687AA8E00CD2C20 /* Frameworks */,
				4BE8824C2687AA8E00CD2C20 /* Resources */,
			);
			buildRules = (
			);
			dependencies = (
			);
			name = OnTheMap;
			productName = OnTheMap;
			productReference = 4BE8824E2687AA8E00CD2C20 /* OnTheMap.app */;
			productType = "com.apple.product-type.application";
		};
/* End PBXNativeTarget section */

/* Begin PBXProject section */
		4BE882462687AA8E00CD2C20 /* Project object */ = {
			isa = PBXProject;
			attributes = {
				LastSwiftUpdateCheck = 1250;
				LastUpgradeCheck = 1250;
				TargetAttributes = {
					4BE8824D2687AA8E00CD2C20 = {
						CreatedOnToolsVersion = 12.5.1;
					};
				};
			};
			buildConfigurationList = 4BE882492687AA8E00CD2C20 /* Build configuration list for PBXProject "OnTheMap" */;
			compatibilityVersion = "Xcode 9.3";
			developmentRegion = en;
			hasScannedForEncodings = 0;
			knownRegions = (
				en,
				Base,
			);
			mainGroup = 4BE882452687AA8E00CD2C20;
			productRefGroup = 4BE8824F2687AA8E00CD2C20 /* Products */;
			projectDirPath = "";
			projectRoot = "";
			targets = (
				4BE8824D2687AA8E00CD2C20 /* OnTheMap */,
			);
		};
/* End PBXProject section */

/* Begin PBXResourcesBuildPhase section */
		4BE8824C2687AA8E00CD2C20 /* Resources */ = {
			isa = PBXResourcesBuildPhase;
			buildActionMask = 2147483647;
			files = (
				4BE8825E2687AA9000CD2C20 /* LaunchScreen.storyboard in Resources */,
				4BE8825B2687AA9000CD2C20 /* Assets.xcassets in Resources */,
				4BE882592687AA8E00CD2C20 /* Main.storyboard in Resources */,
			);
			runOnlyForDeploymentPostprocessing = 0;
		};
/* End PBXResourcesBuildPhase section */

/* Begin PBXSourcesBuildPhase section */
		4BE8824A2687AA8E00CD2C20 /* Sources */ = {
			isa = PBXSourcesBuildPhase;
			buildActionMask = 2147483647;
			files = (
				4BDAB8CE2687B165002E4A26 /* GetPublicUserDataResponse.swift in Sources */,
				4BDAB8D42687B1BE002E4A26 /* LoginTextField.swift in Sources */,
				4BDAB8D22687B1A4002E4A26 /* Colours.swift in Sources */,
				4BDAB8C82687B117002E4A26 /* CreateStudentResponse.swift in Sources */,
				4BE882562687AA8E00CD2C20 /* LoginViewController.swift in Sources */,
				4BDAB8C02687B0AF002E4A26 /* LogInRequest.swift in Sources */,
				4BDAB8D02687B192002E4A26 /* GradientView.swift in Sources */,
				4BDAB8DC2687B24E002E4A26 /* AddLocationViewController.swift in Sources */,
				4BE882522687AA8E00CD2C20 /* AppDelegate.swift in Sources */,
				4BDAB8DA2687B238002E4A26 /* ListViewController.swift in Sources */,
				4BDAB8C42687B0E6002E4A26 /* SessionResponse.swift in Sources */,
				4BDAB8BE2687B09A002E4A26 /* OTMClient.swift in Sources */,
				4BDAB8CA2687B12C002E4A26 /* GetStudentLocationResponse.swift in Sources */,
				4BDAB8CC2687B14C002E4A26 /* Student.swift in Sources */,
				4BDAB8BC2687B07F002E4A26 /* OTMModel.swift in Sources */,
				4BDAB8D82687B222002E4A26 /* MapViewController.swift in Sources */,
				4BE882542687AA8E00CD2C20 /* SceneDelegate.swift in Sources */,
				4BDAB8C62687B0FA002E4A26 /* RequestTokenResponse.swift in Sources */,
				4BDAB8DE2687B268002E4A26 /* InformationPostingViewController.swift in Sources */,
				4BDAB8D62687B1CC002E4A26 /* LoginButton.swift in Sources */,
				4BDAB8C22687B0C9002E4A26 /* OTMResponse.swift in Sources */,
				4BDAB90B2688B966002E4A26 /* OnTheMapTest.swift in Sources */,
			);
			runOnlyForDeploymentPostprocessing = 0;
		};
/* End PBXSourcesBuildPhase section */

/* Begin PBXVariantGroup section */
		4BE882572687AA8E00CD2C20 /* Main.storyboard */ = {
			isa = PBXVariantGroup;
			children = (
				4BE882582687AA8E00CD2C20 /* Base */,
			);
			name = Main.storyboard;
			sourceTree = "<group>";
		};
		4BE8825C2687AA9000CD2C20 /* LaunchScreen.storyboard */ = {
			isa = PBXVariantGroup;
			children = (
				4BE8825D2687AA9000CD2C20 /* Base */,
			);
			name = LaunchScreen.storyboard;
			sourceTree = "<group>";
		};
/* End PBXVariantGroup section */

/* Begin XCBuildConfiguration section */
		4BE882602687AA9000CD2C20 /* Debug */ = {
			isa = XCBuildConfiguration;
			buildSettings = {
				ALWAYS_SEARCH_USER_PATHS = NO;
				CLANG_ANALYZER_NONNULL = YES;
				CLANG_ANALYZER_NUMBER_OBJECT_CONVERSION = YES_AGGRESSIVE;
				CLANG_CXX_LANGUAGE_STANDARD = "gnu++14";
				CLANG_CXX_LIBRARY = "libc++";
				CLANG_ENABLE_MODULES = YES;
				CLANG_ENABLE_OBJC_ARC = YES;
				CLANG_ENABLE_OBJC_WEAK = YES;
				CLANG_WARN_BLOCK_CAPTURE_AUTORELEASING = YES;
				CLANG_WARN_BOOL_CONVERSION = YES;
				CLANG_WARN_COMMA = YES;
				CLANG_WARN_CONSTANT_CONVERSION = YES;
				CLANG_WARN_DEPRECATED_OBJC_IMPLEMENTATIONS = YES;
				CLANG_WARN_DIRECT_OBJC_ISA_USAGE = YES_ERROR;
				CLANG_WARN_DOCUMENTATION_COMMENTS = YES;
				CLANG_WARN_EMPTY_BODY = YES;
				CLANG_WARN_ENUM_CONVERSION = YES;
				CLANG_WARN_INFINITE_RECURSION = YES;
				CLANG_WARN_INT_CONVERSION = YES;
				CLANG_WARN_NON_LITERAL_NULL_CONVERSION = YES;
				CLANG_WARN_OBJC_IMPLICIT_RETAIN_SELF = YES;
				CLANG_WARN_OBJC_LITERAL_CONVERSION = YES;
				CLANG_WARN_OBJC_ROOT_CLASS = YES_ERROR;
				CLANG_WARN_QUOTED_INCLUDE_IN_FRAMEWORK_HEADER = YES;
				CLANG_WARN_RANGE_LOOP_ANALYSIS = YES;
				CLANG_WARN_STRICT_PROTOTYPES = YES;
				CLANG_WARN_SUSPICIOUS_MOVE = YES;
				CLANG_WARN_UNGUARDED_AVAILABILITY = YES_AGGRESSIVE;
				CLANG_WARN_UNREACHABLE_CODE = YES;
				CLANG_WARN__DUPLICATE_METHOD_MATCH = YES;
				COPY_PHASE_STRIP = NO;
				DEBUG_INFORMATION_FORMAT = dwarf;
				ENABLE_STRICT_OBJC_MSGSEND = YES;
				ENABLE_TESTABILITY = YES;
				GCC_C_LANGUAGE_STANDARD = gnu11;
				GCC_DYNAMIC_NO_PIC = NO;
				GCC_NO_COMMON_BLOCKS = YES;
				GCC_OPTIMIZATION_LEVEL = 0;
				GCC_PREPROCESSOR_DEFINITIONS = (
					"DEBUG=1",
					"$(inherited)",
				);
				GCC_WARN_64_TO_32_BIT_CONVERSION = YES;
				GCC_WARN_ABOUT_RETURN_TYPE = YES_ERROR;
				GCC_WARN_UNDECLARED_SELECTOR = YES;
				GCC_WARN_UNINITIALIZED_AUTOS = YES_AGGRESSIVE;
				GCC_WARN_UNUSED_FUNCTION = YES;
				GCC_WARN_UNUSED_VARIABLE = YES;
				IPHONEOS_DEPLOYMENT_TARGET = 14.5;
				MTL_ENABLE_DEBUG_INFO = INCLUDE_SOURCE;
				MTL_FAST_MATH = YES;
				ONLY_ACTIVE_ARCH = YES;
				SDKROOT = iphoneos;
				SWIFT_ACTIVE_COMPILATION_CONDITIONS = DEBUG;
				SWIFT_OPTIMIZATION_LEVEL = "-Onone";
			};
			name = Debug;
		};
		4BE882612687AA9000CD2C20 /* Release */ = {
			isa = XCBuildConfiguration;
			buildSettings = {
				ALWAYS_SEARCH_USER_PATHS = NO;
				CLANG_ANALYZER_NONNULL = YES;
				CLANG_ANALYZER_NUMBER_OBJECT_CONVERSION = YES_AGGRESSIVE;
				CLANG_CXX_LANGUAGE_STANDARD = "gnu++14";
				CLANG_CXX_LIBRARY = "libc++";
				CLANG_ENABLE_MODULES = YES;
				CLANG_ENABLE_OBJC_ARC = YES;
				CLANG_ENABLE_OBJC_WEAK = YES;
				CLANG_WARN_BLOCK_CAPTURE_AUTORELEASING = YES;
				CLANG_WARN_BOOL_CONVERSION = YES;
				CLANG_WARN_COMMA = YES;
				CLANG_WARN_CONSTANT_CONVERSION = YES;
				CLANG_WARN_DEPRECATED_OBJC_IMPLEMENTATIONS = YES;
				CLANG_WARN_DIRECT_OBJC_ISA_USAGE = YES_ERROR;
				CLANG_WARN_DOCUMENTATION_COMMENTS = YES;
				CLANG_WARN_EMPTY_BODY = YES;
				CLANG_WARN_ENUM_CONVERSION = YES;
				CLANG_WARN_INFINITE_RECURSION = YES;
				CLANG_WARN_INT_CONVERSION = YES;
				CLANG_WARN_NON_LITERAL_NULL_CONVERSION = YES;
				CLANG_WARN_OBJC_IMPLICIT_RETAIN_SELF = YES;
				CLANG_WARN_OBJC_LITERAL_CONVERSION = YES;
				CLANG_WARN_OBJC_ROOT_CLASS = YES_ERROR;
				CLANG_WARN_QUOTED_INCLUDE_IN_FRAMEWORK_HEADER = YES;
				CLANG_WARN_RANGE_LOOP_ANALYSIS = YES;
				CLANG_WARN_STRICT_PROTOTYPES = YES;
				CLANG_WARN_SUSPICIOUS_MOVE = YES;
				CLANG_WARN_UNGUARDED_AVAILABILITY = YES_AGGRESSIVE;
				CLANG_WARN_UNREACHABLE_CODE = YES;
				CLANG_WARN__DUPLICATE_METHOD_MATCH = YES;
				COPY_PHASE_STRIP = NO;
				DEBUG_INFORMATION_FORMAT = "dwarf-with-dsym";
				ENABLE_NS_ASSERTIONS = NO;
				ENABLE_STRICT_OBJC_MSGSEND = YES;
				GCC_C_LANGUAGE_STANDARD = gnu11;
				GCC_NO_COMMON_BLOCKS = YES;
				GCC_WARN_64_TO_32_BIT_CONVERSION = YES;
				GCC_WARN_ABOUT_RETURN_TYPE = YES_ERROR;
				GCC_WARN_UNDECLARED_SELECTOR = YES;
				GCC_WARN_UNINITIALIZED_AUTOS = YES_AGGRESSIVE;
				GCC_WARN_UNUSED_FUNCTION = YES;
				GCC_WARN_UNUSED_VARIABLE = YES;
				IPHONEOS_DEPLOYMENT_TARGET = 14.5;
				MTL_ENABLE_DEBUG_INFO = NO;
				MTL_FAST_MATH = YES;
				SDKROOT = iphoneos;
				SWIFT_COMPILATION_MODE = wholemodule;
				SWIFT_OPTIMIZATION_LEVEL = "-O";
				VALIDATE_PRODUCT = YES;
			};
			name = Release;
		};
		4BE882632687AA9000CD2C20 /* Debug */ = {
			isa = XCBuildConfiguration;
			buildSettings = {
				ASSETCATALOG_COMPILER_APPICON_NAME = AppIcon;
				ASSETCATALOG_COMPILER_GLOBAL_ACCENT_COLOR_NAME = AccentColor;
				CODE_SIGN_STYLE = Automatic;
				DEVELOPMENT_TEAM = G4J52ZHY55;
				INFOPLIST_FILE = OnTheMap/Info.plist;
				LD_RUNPATH_SEARCH_PATHS = (
					"$(inherited)",
					"@executable_path/Frameworks",
				);
				PRODUCT_BUNDLE_IDENTIFIER = com.sushma.OnTheMap;
				PRODUCT_NAME = "$(TARGET_NAME)";
				SWIFT_VERSION = 5.0;
				TARGETED_DEVICE_FAMILY = "1,2";
			};
			name = Debug;
		};
		4BE882642687AA9000CD2C20 /* Release */ = {
			isa = XCBuildConfiguration;
			buildSettings = {
				ASSETCATALOG_COMPILER_APPICON_NAME = AppIcon;
				ASSETCATALOG_COMPILER_GLOBAL_ACCENT_COLOR_NAME = AccentColor;
				CODE_SIGN_STYLE = Automatic;
				DEVELOPMENT_TEAM = G4J52ZHY55;
				INFOPLIST_FILE = OnTheMap/Info.plist;
				LD_RUNPATH_SEARCH_PATHS = (
					"$(inherited)",
					"@executable_path/Frameworks",
				);
				PRODUCT_BUNDLE_IDENTIFIER = com.sushma.OnTheMap;
				PRODUCT_NAME = "$(TARGET_NAME)";
				SWIFT_VERSION = 5.0;
				TARGETED_DEVICE_FAMILY = "1,2";
			};
			name = Release;
		};
/* End XCBuildConfiguration section */

/* Begin XCConfigurationList section */
		4BE882492687AA8E00CD2C20 /* Build configuration list for PBXProject "OnTheMap" */ = {
			isa = XCConfigurationList;
			buildConfigurations = (
				4BE882602687AA9000CD2C20 /* Debug */,
				4BE882612687AA9000CD2C20 /* Release */,
			);
			defaultConfigurationIsVisible = 0;
			defaultConfigurationName = Release;
		};
		4BE882622687AA9000CD2C20 /* Build configuration list for PBXNativeTarget "OnTheMap" */ = {
			isa = XCConfigurationList;
			buildConfigurations = (
				4BE882632687AA9000CD2C20 /* Debug */,
				4BE882642687AA9000CD2C20 /* Release */,
			);
			defaultConfigurationIsVisible = 0;
			defaultConfigurationName = Release;
		};
/* End XCConfigurationList section */
	};
	rootObject = 4BE882462687AA8E00CD2C20 /* Project object */;
}
